github.com/archine/gin-plus/v3 v3.2.1 h1:dkLq7lS3CW66SMBhJFVx2L64ZuNxOhkfvZjSPLj2X3Q=
github.com/archine/gin-plus/v3 v3.2.1/go.mod h1:7FkDev4tGouyvRqr2tXLZoTtBdbyuPu4CK5lu/wh7pI=
github.com/archine/ioc v1.0.1 h1:YHMAo/WSjQ+e2XU7PA7XAhOnNBQiZ0+yM/cAhdT1EUU=
github.com/archine/ioc v1.0.1/go.mod h1:VTtX1hL4nkWJrvc6QbqXaOLLSnk3P0KTWh71nwRpJHM=
github.com/bsm/ginkgo/v2 v2.12.0 h1:Ny8MWAHyOepLGlLKYmXG4IEkioBysk6GpaRTLC8zwWs=
github.com/bsm/ginkgo/v2 v2.12.0/go.mod h1:SwYbGRRDovPVboqFv0tPTcG1sN61LM1Z4ARdbAV9g4c=
github.com/bsm/gomega v1.27.10 h1:yeMWxP2pV2fG3FgAODIY8EiRE3dy0aeFYt4l7wh6yKA=
github.com/bsm/gomega v1.27.10/go.mod h1:JyEr/xRbxbtgWNi8tIEVPUYZ5Dzef52k01W3YH0H+O0=
github.com/cespare/xxhash/v2 v2.2.0 h1:DC2CZ1Ep5Y4k3ZQ899DldepgrayRUGE6BBZ/cd9Cj44=
github.com/cespare/xxhash/v2 v2.2.0/go.mod h1:VGX0DQ3Q6kWi7AoAeZDth3/j3BFtOZR5XLFGgcrjCOs=
github.com/dgryski/go-rendezvous v0.0.0-20200823014737-9f7001d12a5f h1:lO4WD4F/rVNCu3HqELle0jiPLLBs70cWOduZpkS1E78=
github.com/dgryski/go-rendezvous v0.0.0-20200823014737-9f7001d12a5f/go.mod h1:cuUVRXasLTGF7a8hSLbxyZXjz+1KgoB3wDUb6vlszIc=
github.com/redis/go-redis/v9 v9.5.3 h1:fOAp1/uJG+ZtcITgZOfYFmTKPE7n4Vclj1wZFgRciUU=
github.com/redis/go-redis/v9 v9.5.3/go.mod h1:hdY0cQFCN4fnSYT6TkisLufl/4W5UIXyv0b/CLO2V2M=
github.com/spaolacci/murmur3 v1.1.0 h1:7c1g84S4BPRrfL5Xrdp6fOJ206sU9y293DDHaoy0bLI=
github.com/spaolacci/murmur3 v1.1.0/go.mod h1:JwIasOWyU6f++ZhiEuf87xNszmSA2myDM2Kzu9HwQUA=
